{
  "name": "kirouter",
  "version": "0.1.0",
  "lockfileVersion": 3,
  "requires": true,
  "packages": {
    "": {
      "name": "kirouter",
      "version": "0.1.0",
      "license": "MIT",
      "bin": {
        "kirouter": "bin/kirouter.js"
      },
      "engines": {
        "node": ">=18"
      }
    }
  }
}
